
Microsoft Visual Studio Solution File, Format Version 12.00
# Visual Studio Version 17
VisualStudioVersion = 17.14.37027.9 d17.14
MinimumVisualStudioVersion = 10.0.40219.1
Project("{FAE04EC0-301F-11D3-BF4B-00C04F79EFBC}") = "FNB_TellerApp", "FNB_TellerApp\FNB_TellerApp.csproj", "{52AC56A0-B89D-494E-A75E-17521887554D}"
EndProject
Global
	GlobalSection(SolutionConfigurationPlatforms) = preSolution
		Debug|Any CPU = Debug|Any CPU
		Release|Any CPU = Release|Any CPU
	EndGlobalSection
	GlobalSection(ProjectConfigurationPlatforms) = postSolution
		{52AC56A0-B89D-494E-A75E-17521887554D}.Debug|Any CPU.ActiveCfg = Debug|Any CPU
		{52AC56A0-B89D-494E-A75E-17521887554D}.Debug|Any CPU.Build.0 = Debug|Any CPU
		{52AC56A0-B89D-494E-A75E-17521887554D}.Release|Any CPU.ActiveCfg = Release|Any CPU
		{52AC56A0-B89D-494E-A75E-17521887554D}.Release|Any CPU.Build.0 = Release|Any CPU
	EndGlobalSection
	GlobalSection(SolutionProperties) = preSolution
		HideSolutionNode = FALSE
	EndGlobalSection
	GlobalSection(ExtensibilityGlobals) = postSolution
		SolutionGuid = {A9F850C8-872E-43AA-BF2A-707A2E432BB1}
	EndGlobalSection
EndGlobal
